
Microsoft Visual Studio Solution File, Format Version 12.00
# Visual Studio Version 16
VisualStudioVersion = 16.0.29230.47
MinimumVisualStudioVersion = 10.0.40219.1
Project("{2150E333-8FDC-42A3-9474-1A3956D46DE8}") = "Domain", "Domain", "{F328CDA2-273A-4648-B4BF-188CB6B21C93}"
EndProject
Project("{2150E333-8FDC-42A3-9474-1A3956D46DE8}") = "Data", "Data", "{0D8A7D8A-8801-4459-9FBE-532CC4E47195}"
EndProject
Project("{2150E333-8FDC-42A3-9474-1A3956D46DE8}") = "Logic", "Logic", "{1C8ABA5F-94E9-45FA-B198-7AB1E3F7E060}"
EndProject
Project("{2150E333-8FDC-42A3-9474-1A3956D46DE8}") = "UI", "UI", "{1F8BC7E2-4A81-42B6-8784-40E038C676DE}"
EndProject
Project("{9A19103F-16F7-4668-BE54-9A1E7A4F7556}") = "ppedv.MajoDDD.Domain", "ppedv.MajoDDD.Domain\ppedv.MajoDDD.Domain.csproj", "{990B6211-EE57-48D9-86BC-8292250930BE}"
EndProject
Project("{9A19103F-16F7-4668-BE54-9A1E7A4F7556}") = "ppedv.MajoDDD.Data.EF", "ppedv.MajoDDD.Data.EF\ppedv.MajoDDD.Data.EF.csproj", "{A7C8DA67-86BE-441B-8381-BDE63FA0202B}"
EndProject
Project("{FAE04EC0-301F-11D3-BF4B-00C04F79EFBC}") = "ppedv.MajoDDD.Data.EF.Tests", "ppedv.MajoDDD.Data.EF.Tests\ppedv.MajoDDD.Data.EF.Tests.csproj", "{B7EA8C62-E29A-4439-87F0-7FD027888AA5}"
EndProject
Project("{FAE04EC0-301F-11D3-BF4B-00C04F79EFBC}") = "ppedv.MajoDDD.Logic", "ppedv.MajoDDD.Logic\ppedv.MajoDDD.Logic.csproj", "{73ADBEB2-A211-4B9E-AFC6-6548D0236BCA}"
EndProject
Project("{FAE04EC0-301F-11D3-BF4B-00C04F79EFBC}") = "ppedv.MajoDDD.UI.Konsole", "ppedv.MajoDDD.UI.Konsole\ppedv.MajoDDD.UI.Konsole.csproj", "{C59D2E42-3820-42DF-B2B9-C69CAAC9E1CE}"
EndProject
Global
	GlobalSection(SolutionConfigurationPlatforms) = preSolution
		Debug|Any CPU = Debug|Any CPU
		Release|Any CPU = Release|Any CPU
	EndGlobalSection
	GlobalSection(ProjectConfigurationPlatforms) = postSolution
		{990B6211-EE57-48D9-86BC-8292250930BE}.Debug|Any CPU.ActiveCfg = Debug|Any CPU
		{990B6211-EE57-48D9-86BC-8292250930BE}.Debug|Any CPU.Build.0 = Debug|Any CPU
		{990B6211-EE57-48D9-86BC-8292250930BE}.Release|Any CPU.ActiveCfg = Release|Any CPU
		{990B6211-EE57-48D9-86BC-8292250930BE}.Release|Any CPU.Build.0 = Release|Any CPU
		{A7C8DA67-86BE-441B-8381-BDE63FA0202B}.Debug|Any CPU.ActiveCfg = Debug|Any CPU
		{A7C8DA67-86BE-441B-8381-BDE63FA0202B}.Debug|Any CPU.Build.0 = Debug|Any CPU
		{A7C8DA67-86BE-441B-8381-BDE63FA0202B}.Release|Any CPU.ActiveCfg = Release|Any CPU
		{A7C8DA67-86BE-441B-8381-BDE63FA0202B}.Release|Any CPU.Build.0 = Release|Any CPU
		{B7EA8C62-E29A-4439-87F0-7FD027888AA5}.Debug|Any CPU.ActiveCfg = Debug|Any CPU
		{B7EA8C62-E29A-4439-87F0-7FD027888AA5}.Debug|Any CPU.Build.0 = Debug|Any CPU
		{B7EA8C62-E29A-4439-87F0-7FD027888AA5}.Release|Any CPU.ActiveCfg = Release|Any CPU
		{B7EA8C62-E29A-4439-87F0-7FD027888AA5}.Release|Any CPU.Build.0 = Release|Any CPU
		{73ADBEB2-A211-4B9E-AFC6-6548D0236BCA}.Debug|Any CPU.ActiveCfg = Debug|Any CPU
		{73ADBEB2-A211-4B9E-AFC6-6548D0236BCA}.Debug|Any CPU.Build.0 = Debug|Any CPU
		{73ADBEB2-A211-4B9E-AFC6-6548D0236BCA}.Release|Any CPU.ActiveCfg = Release|Any CPU
		{73ADBEB2-A211-4B9E-AFC6-6548D0236BCA}.Release|Any CPU.Build.0 = Release|Any CPU
		{C59D2E42-3820-42DF-B2B9-C69CAAC9E1CE}.Debug|Any CPU.ActiveCfg = Debug|Any CPU
		{C59D2E42-3820-42DF-B2B9-C69CAAC9E1CE}.Debug|Any CPU.Build.0 = Debug|Any CPU
		{C59D2E42-3820-42DF-B2B9-C69CAAC9E1CE}.Release|Any CPU.ActiveCfg = Release|Any CPU
		{C59D2E42-3820-42DF-B2B9-C69CAAC9E1CE}.Release|Any CPU.Build.0 = Release|Any CPU
	EndGlobalSection
	GlobalSection(SolutionProperties) = preSolution
		HideSolutionNode = FALSE
	EndGlobalSection
	GlobalSection(NestedProjects) = preSolution
		{990B6211-EE57-48D9-86BC-8292250930BE} = {F328CDA2-273A-4648-B4BF-188CB6B21C93}
		{A7C8DA67-86BE-441B-8381-BDE63FA0202B} = {0D8A7D8A-8801-4459-9FBE-532CC4E47195}
		{B7EA8C62-E29A-4439-87F0-7FD027888AA5} = {0D8A7D8A-8801-4459-9FBE-532CC4E47195}
		{73ADBEB2-A211-4B9E-AFC6-6548D0236BCA} = {1C8ABA5F-94E9-45FA-B198-7AB1E3F7E060}
		{C59D2E42-3820-42DF-B2B9-C69CAAC9E1CE} = {1F8BC7E2-4A81-42B6-8784-40E038C676DE}
	EndGlobalSection
	GlobalSection(ExtensibilityGlobals) = postSolution
		SolutionGuid = {ACED6064-DC9C-4201-9D25-4A803EBF37DB}
	EndGlobalSection
EndGlobal
