
Microsoft Visual Studio Solution File, Format Version 12.00
# Visual Studio Version 16
VisualStudioVersion = 16.0.29230.47
MinimumVisualStudioVersion = 10.0.40219.1
Project("{FAE04EC0-301F-11D3-BF4B-00C04F79EFBC}") = "Aspektorientiertes Programmieren", "Aspektorientiertes Programmieren\Aspektorientiertes Programmieren.csproj", "{69FAF875-8EE9-4450-99F5-31490209DA97}"
EndProject
Global
	GlobalSection(SolutionConfigurationPlatforms) = preSolution
		Debug|Any CPU = Debug|Any CPU
		Release|Any CPU = Release|Any CPU
	EndGlobalSection
	GlobalSection(ProjectConfigurationPlatforms) = postSolution
		{69FAF875-8EE9-4450-99F5-31490209DA97}.Debug|Any CPU.ActiveCfg = Debug|Any CPU
		{69FAF875-8EE9-4450-99F5-31490209DA97}.Debug|Any CPU.Build.0 = Debug|Any CPU
		{69FAF875-8EE9-4450-99F5-31490209DA97}.Release|Any CPU.ActiveCfg = Release|Any CPU
		{69FAF875-8EE9-4450-99F5-31490209DA97}.Release|Any CPU.Build.0 = Release|Any CPU
	EndGlobalSection
	GlobalSection(SolutionProperties) = preSolution
		HideSolutionNode = FALSE
	EndGlobalSection
	GlobalSection(ExtensibilityGlobals) = postSolution
		SolutionGuid = {C3518DBC-B80B-412C-853D-7F43DD9669D9}
	EndGlobalSection
EndGlobal
